
Microsoft Visual Studio Solution File, Format Version 12.00
# Visual Studio Version 17
VisualStudioVersion = 17.14.36203.30 d17.14
MinimumVisualStudioVersion = 10.0.40219.1
Project("{FAE04EC0-301F-11D3-BF4B-00C04F79EFBC}") = "Secondary_School_Portal", "Secondary_School_Portal.csproj", "{AFDC1065-BF79-41B6-B91A-15A98E2A0641}"
EndProject
Global
	GlobalSection(SolutionConfigurationPlatforms) = preSolution
		Debug|Any CPU = Debug|Any CPU
		Release|Any CPU = Release|Any CPU
	EndGlobalSection
	GlobalSection(ProjectConfigurationPlatforms) = postSolution
		{AFDC1065-BF79-41B6-B91A-15A98E2A0641}.Debug|Any CPU.ActiveCfg = Debug|Any CPU
		{AFDC1065-BF79-41B6-B91A-15A98E2A0641}.Debug|Any CPU.Build.0 = Debug|Any CPU
		{AFDC1065-BF79-41B6-B91A-15A98E2A0641}.Release|Any CPU.ActiveCfg = Release|Any CPU
		{AFDC1065-BF79-41B6-B91A-15A98E2A0641}.Release|Any CPU.Build.0 = Release|Any CPU
	EndGlobalSection
	GlobalSection(SolutionProperties) = preSolution
		HideSolutionNode = FALSE
	EndGlobalSection
	GlobalSection(ExtensibilityGlobals) = postSolution
		SolutionGuid = {81E9834D-7764-4A25-82AB-3C77EAACD5AB}
	EndGlobalSection
EndGlobal
